dependencies:
  espressif/mdns:
    component_hash: 3ec0af5f6bce310512e90f482388d21cc7c0e99668172d2f895356165fc6f7c5
    source:
      service_url: https://api.components.espressif.com/
      type: service
    version: 1.8.2
  idf:
    component_hash: null
    source:
      type: idf
    version: 5.4.1
manifest_hash: cc9522b1a457673c679ebbd1ccd56c183b5cc0fa5b49483a3a8059aa2b002a0a
target: esp32c6
version: 1.0.0
